
Microsoft Visual Studio Solution File, Format Version 12.00
# Visual Studio Version 17
VisualStudioVersion = 17.1.32421.90
MinimumVisualStudioVersion = 10.0.40219.1
Project("{FAE04EC0-301F-11D3-BF4B-00C04F79EFBC}") = "Primeiro", "Primeiro\Primeiro.csproj", "{96B51863-D268-4F28-9A97-23124FFCBA00}"
EndProject
Global
	GlobalSection(SolutionConfigurationPlatforms) = preSolution
		Debug|Any CPU = Debug|Any CPU
		Release|Any CPU = Release|Any CPU
	EndGlobalSection
	GlobalSection(ProjectConfigurationPlatforms) = postSolution
		{96B51863-D268-4F28-9A97-23124FFCBA00}.Debug|Any CPU.ActiveCfg = Debug|Any CPU
		{96B51863-D268-4F28-9A97-23124FFCBA00}.Debug|Any CPU.Build.0 = Debug|Any CPU
		{96B51863-D268-4F28-9A97-23124FFCBA00}.Release|Any CPU.ActiveCfg = Release|Any CPU
		{96B51863-D268-4F28-9A97-23124FFCBA00}.Release|Any CPU.Build.0 = Release|Any CPU
	EndGlobalSection
	GlobalSection(SolutionProperties) = preSolution
		HideSolutionNode = FALSE
	EndGlobalSection
	GlobalSection(ExtensibilityGlobals) = postSolution
		SolutionGuid = {534ECEE9-85B1-4CA3-BE49-61C205FE9870}
	EndGlobalSection
EndGlobal
